// !$*UTF8*$!
{
	archiveVersion = 1;
	classes = {
	};
	objectVersion = 56;
	objects = {

/* Begin PBXBuildFile section */
		910965072BA9B26C0066C1D0 /* WebViewModel.swift in Sources */ = {isa = PBXBuildFile; fileRef = 910965062BA9B26C0066C1D0 /* WebViewModel.swift */; };
		910965092BA9C74D0066C1D0 /* VideoPlayerView.swift in Sources */ = {isa = PBXBuildFile; fileRef = 910965082BA9C74D0066C1D0 /* VideoPlayerView.swift */; };
		9109650C2BA9C7F00066C1D0 /* CircleProgressView.swift in Sources */ = {isa = PBXBuildFile; fileRef = 9109650B2BA9C7F00066C1D0 /* CircleProgressView.swift */; };
		9109650E2BAA37B90066C1D0 /* SafariView.swift in Sources */ = {isa = PBXBuildFile; fileRef = 9109650D2BAA37B90066C1D0 /* SafariView.swift */; };
		910A37F82BA86E8B00B46D2C /* String.swift in Sources */ = {isa = PBXBuildFile; fileRef = 910A37F72BA86E8B00B46D2C /* String.swift */; };
		917829252BA57FE400F0B982 /* SpaceXEnquraApp.swift in Sources */ = {isa = PBXBuildFile; fileRef = 917829242BA57FE400F0B982 /* SpaceXEnquraApp.swift */; };
		917829292BA57FE500F0B982 /* Assets.xcassets in Resources */ = {isa = PBXBuildFile; fileRef = 917829282BA57FE500F0B982 /* Assets.xcassets */; };
		9178292C2BA57FE500F0B982 /* Preview Assets.xcassets in Resources */ = {isa = PBXBuildFile; fileRef = 9178292B2BA57FE500F0B982 /* Preview Assets.xcassets */; };
		917829362BA57FE500F0B982 /* SpaceXEnquraTests.swift in Sources */ = {isa = PBXBuildFile; fileRef = 917829352BA57FE500F0B982 /* SpaceXEnquraTests.swift */; };
		917829402BA57FE500F0B982 /* SpaceXEnquraUITests.swift in Sources */ = {isa = PBXBuildFile; fileRef = 9178293F2BA57FE500F0B982 /* SpaceXEnquraUITests.swift */; };
		917829422BA57FE500F0B982 /* SpaceXEnquraUITestsLaunchTests.swift in Sources */ = {isa = PBXBuildFile; fileRef = 917829412BA57FE500F0B982 /* SpaceXEnquraUITestsLaunchTests.swift */; };
		917829502BA5909A00F0B982 /* LaunchModel.swift in Sources */ = {isa = PBXBuildFile; fileRef = 9178294F2BA5909A00F0B982 /* LaunchModel.swift */; };
		917829552BA61FB400F0B982 /* FlightListController.swift in Sources */ = {isa = PBXBuildFile; fileRef = 917829542BA61FB400F0B982 /* FlightListController.swift */; };
		917829572BA6201C00F0B982 /* FlightDetailsController.swift in Sources */ = {isa = PBXBuildFile; fileRef = 917829562BA6201B00F0B982 /* FlightDetailsController.swift */; };
		9178295D2BA6EA5B00F0B982 /* LaunchesViewModel.swift in Sources */ = {isa = PBXBuildFile; fileRef = 9178295C2BA6EA5B00F0B982 /* LaunchesViewModel.swift */; };
		917829612BA6EA8900F0B982 /* NetworkManager.swift in Sources */ = {isa = PBXBuildFile; fileRef = 917829602BA6EA8900F0B982 /* NetworkManager.swift */; };
		917829642BA6EC2000F0B982 /* Alamofire in Frameworks */ = {isa = PBXBuildFile; productRef = 917829632BA6EC2000F0B982 /* Alamofire */; };
		917829662BA6EC2000F0B982 /* AlamofireDynamic in Frameworks */ = {isa = PBXBuildFile; productRef = 917829652BA6EC2000F0B982 /* AlamofireDynamic */; };
		917829682BA6EEA800F0B982 /* CreateRequest.swift in Sources */ = {isa = PBXBuildFile; fileRef = 917829672BA6EEA800F0B982 /* CreateRequest.swift */; };
		9178296A2BA6EEF000F0B982 /* NetworkManagerProtocol.swift in Sources */ = {isa = PBXBuildFile; fileRef = 917829692BA6EEF000F0B982 /* NetworkManagerProtocol.swift */; };
		9178296D2BA7005200F0B982 /* Kingfisher in Frameworks */ = {isa = PBXBuildFile; productRef = 9178296C2BA7005200F0B982 /* Kingfisher */; };
		91EBEC172BAB2B87006DCC52 /* ListItemView.swift in Sources */ = {isa = PBXBuildFile; fileRef = 91EBEC162BAB2B87006DCC52 /* ListItemView.swift */; };
/* End PBXBuildFile section */

/* Begin PBXContainerItemProxy section */
		917829322BA57FE500F0B982 /* PBXContainerItemProxy */ = {
			isa = PBXContainerItemProxy;
			containerPortal = 917829192BA57FE400F0B982 /* Project object */;
			proxyType = 1;
			remoteGlobalIDString = 917829202BA57FE400F0B982;
			remoteInfo = SpaceXEnqura;
		};
		9178293C2BA57FE500F0B982 /* PBXContainerItemProxy */ = {
			isa = PBXContainerItemProxy;
			containerPortal = 917829192BA57FE400F0B982 /* Project object */;
			proxyType = 1;
			remoteGlobalIDString = 917829202BA57FE400F0B982;
			remoteInfo = SpaceXEnqura;
		};
/* End PBXContainerItemProxy section */

/* Begin PBXFileReference section */
		910965062BA9B26C0066C1D0 /* WebViewModel.swift */ = {isa = PBXFileReference; lastKnownFileType = sourcecode.swift; path = WebViewModel.swift; sourceTree = "<group>"; };
		910965082BA9C74D0066C1D0 /* VideoPlayerView.swift */ = {isa = PBXFileReference; lastKnownFileType = sourcecode.swift; path = VideoPlayerView.swift; sourceTree = "<group>"; };
		9109650B2BA9C7F00066C1D0 /* CircleProgressView.swift */ = {isa = PBXFileReference; lastKnownFileType = sourcecode.swift; path = CircleProgressView.swift; sourceTree = "<group>"; };
		9109650D2BAA37B90066C1D0 /* SafariView.swift */ = {isa = PBXFileReference; lastKnownFileType = sourcecode.swift; path = SafariView.swift; sourceTree = "<group>"; };
		910A37F72BA86E8B00B46D2C /* String.swift */ = {isa = PBXFileReference; lastKnownFileType = sourcecode.swift; path = String.swift; sourceTree = "<group>"; };
		917829212BA57FE400F0B982 /* SpaceXEnqura.app */ = {isa = PBXFileReference; explicitFileType = wrapper.application; includeInIndex = 0; path = SpaceXEnqura.app; sourceTree = BUILT_PRODUCTS_DIR; };
		917829242BA57FE400F0B982 /* SpaceXEnquraApp.swift */ = {isa = PBXFileReference; lastKnownFileType = sourcecode.swift; path = SpaceXEnquraApp.swift; sourceTree = "<group>"; };
		917829282BA57FE500F0B982 /* Assets.xcassets */ = {isa = PBXFileReference; lastKnownFileType = folder.assetcatalog; path = Assets.xcassets; sourceTree = "<group>"; };
		9178292B2BA57FE500F0B982 /* Preview Assets.xcassets */ = {isa = PBXFileReference; lastKnownFileType = folder.assetcatalog; path = "Preview Assets.xcassets"; sourceTree = "<group>"; };
		917829312BA57FE500F0B982 /* SpaceXEnquraTests.xctest */ = {isa = PBXFileReference; explicitFileType = wrapper.cfbundle; includeInIndex = 0; path = SpaceXEnquraTests.xctest; sourceTree = BUILT_PRODUCTS_DIR; };
		917829352BA57FE500F0B982 /* SpaceXEnquraTests.swift */ = {isa = PBXFileReference; lastKnownFileType = sourcecode.swift; path = SpaceXEnquraTests.swift; sourceTree = "<group>"; };
		9178293B2BA57FE500F0B982 /* SpaceXEnquraUITests.xctest */ = {isa = PBXFileReference; explicitFileType = wrapper.cfbundle; includeInIndex = 0; path = SpaceXEnquraUITests.xctest; sourceTree = BUILT_PRODUCTS_DIR; };
		9178293F2BA57FE500F0B982 /* SpaceXEnquraUITests.swift */ = {isa = PBXFileReference; lastKnownFileType = sourcecode.swift; path = SpaceXEnquraUITests.swift; sourceTree = "<group>"; };
		917829412BA57FE500F0B982 /* SpaceXEnquraUITestsLaunchTests.swift */ = {isa = PBXFileReference; lastKnownFileType = sourcecode.swift; path = SpaceXEnquraUITestsLaunchTests.swift; sourceTree = "<group>"; };
		9178294F2BA5909A00F0B982 /* LaunchModel.swift */ = {isa = PBXFileReference; lastKnownFileType = sourcecode.swift; path = LaunchModel.swift; sourceTree = "<group>"; };
		917829542BA61FB400F0B982 /* FlightListController.swift */ = {isa = PBXFileReference; lastKnownFileType = sourcecode.swift; path = FlightListController.swift; sourceTree = "<group>"; };
		917829562BA6201B00F0B982 /* FlightDetailsController.swift */ = {isa = PBXFileReference; lastKnownFileType = sourcecode.swift; path = FlightDetailsController.swift; sourceTree = "<group>"; };
		9178295C2BA6EA5B00F0B982 /* LaunchesViewModel.swift */ = {isa = PBXFileReference; lastKnownFileType = sourcecode.swift; path = LaunchesViewModel.swift; sourceTree = "<group>"; };
		917829602BA6EA8900F0B982 /* NetworkManager.swift */ = {isa = PBXFileReference; lastKnownFileType = sourcecode.swift; path = NetworkManager.swift; sourceTree = "<group>"; };
		917829672BA6EEA800F0B982 /* CreateRequest.swift */ = {isa = PBXFileReference; lastKnownFileType = sourcecode.swift; path = CreateRequest.swift; sourceTree = "<group>"; };
		917829692BA6EEF000F0B982 /* NetworkManagerProtocol.swift */ = {isa = PBXFileReference; lastKnownFileType = sourcecode.swift; path = NetworkManagerProtocol.swift; sourceTree = "<group>"; };
		91EBEC162BAB2B87006DCC52 /* ListItemView.swift */ = {isa = PBXFileReference; lastKnownFileType = sourcecode.swift; path = ListItemView.swift; sourceTree = "<group>"; };
/* End PBXFileReference section */

/* Begin PBXFrameworksBuildPhase section */
		9178291E2BA57FE400F0B982 /* Frameworks */ = {
			isa = PBXFrameworksBuildPhase;
			buildActionMask = 2147483647;
			files = (
				9178296D2BA7005200F0B982 /* Kingfisher in Frameworks */,
				917829642BA6EC2000F0B982 /* Alamofire in Frameworks */,
				917829662BA6EC2000F0B982 /* AlamofireDynamic in Frameworks */,
			);
			runOnlyForDeploymentPostprocessing = 0;
		};
		9178292E2BA57FE500F0B982 /* Frameworks */ = {
			isa = PBXFrameworksBuildPhase;
			buildActionMask = 2147483647;
			files = (
			);
			runOnlyForDeploymentPostprocessing = 0;
		};
		917829382BA57FE500F0B982 /* Frameworks */ = {
			isa = PBXFrameworksBuildPhase;
			buildActionMask = 2147483647;
			files = (
			);
			runOnlyForDeploymentPostprocessing = 0;
		};
/* End PBXFrameworksBuildPhase section */

/* Begin PBXGroup section */
		9109650A2BA9C7520066C1D0 /* Views */ = {
			isa = PBXGroup;
			children = (
				91EBEC152BAB2B72006DCC52 /* ListItemView */,
				91EBEC1A2BAB3F3B006DCC52 /* CircleProgressView */,
				91EBEC192BAB3F30006DCC52 /* VideoPlayerView */,
				91EBEC1B2BAB3F46006DCC52 /* SafariView */,
			);
			path = Views;
			sourceTree = "<group>";
		};
		917829182BA57FE400F0B982 = {
			isa = PBXGroup;
			children = (
				917829232BA57FE400F0B982 /* SpaceXEnqura */,
				917829342BA57FE500F0B982 /* SpaceXEnquraTests */,
				9178293E2BA57FE500F0B982 /* SpaceXEnquraUITests */,
				917829222BA57FE400F0B982 /* Products */,
			);
			sourceTree = "<group>";
		};
		917829222BA57FE400F0B982 /* Products */ = {
			isa = PBXGroup;
			children = (
				917829212BA57FE400F0B982 /* SpaceXEnqura.app */,
				917829312BA57FE500F0B982 /* SpaceXEnquraTests.xctest */,
				9178293B2BA57FE500F0B982 /* SpaceXEnquraUITests.xctest */,
			);
			name = Products;
			sourceTree = "<group>";
		};
		917829232BA57FE400F0B982 /* SpaceXEnqura */ = {
			isa = PBXGroup;
			children = (
				917829592BA6EA3700F0B982 /* App */,
				9178295A2BA6EA3E00F0B982 /* NetworkManager */,
				9178294E2BA5908900F0B982 /* Model */,
				9178295B2BA6EA4900F0B982 /* ViewModel */,
				917829512BA61F0E00F0B982 /* ViewControllers */,
				9178296E2BA7008E00F0B982 /* Extension */,
				917829282BA57FE500F0B982 /* Assets.xcassets */,
				9178292A2BA57FE500F0B982 /* Preview Content */,
			);
			path = SpaceXEnqura;
			sourceTree = "<group>";
		};
		9178292A2BA57FE500F0B982 /* Preview Content */ = {
			isa = PBXGroup;
			children = (
				9178292B2BA57FE500F0B982 /* Preview Assets.xcassets */,
			);
			path = "Preview Content";
			sourceTree = "<group>";
		};
		917829342BA57FE500F0B982 /* SpaceXEnquraTests */ = {
			isa = PBXGroup;
			children = (
				917829352BA57FE500F0B982 /* SpaceXEnquraTests.swift */,
			);
			path = SpaceXEnquraTests;
			sourceTree = "<group>";
		};
		9178293E2BA57FE500F0B982 /* SpaceXEnquraUITests */ = {
			isa = PBXGroup;
			children = (
				9178293F2BA57FE500F0B982 /* SpaceXEnquraUITests.swift */,
				917829412BA57FE500F0B982 /* SpaceXEnquraUITestsLaunchTests.swift */,
			);
			path = SpaceXEnquraUITests;
			sourceTree = "<group>";
		};
		9178294E2BA5908900F0B982 /* Model */ = {
			isa = PBXGroup;
			children = (
				9178294F2BA5909A00F0B982 /* LaunchModel.swift */,
			);
			path = Model;
			sourceTree = "<group>";
		};
		917829512BA61F0E00F0B982 /* ViewControllers */ = {
			isa = PBXGroup;
			children = (
				91EBEC182BAB2BAC006DCC52 /* Controllers */,
				9109650A2BA9C7520066C1D0 /* Views */,
			);
			path = ViewControllers;
			sourceTree = "<group>";
		};
		917829592BA6EA3700F0B982 /* App */ = {
			isa = PBXGroup;
			children = (
				917829242BA57FE400F0B982 /* SpaceXEnquraApp.swift */,
			);
			path = App;
			sourceTree = "<group>";
		};
		9178295A2BA6EA3E00F0B982 /* NetworkManager */ = {
			isa = PBXGroup;
			children = (
				917829602BA6EA8900F0B982 /* NetworkManager.swift */,
				917829672BA6EEA800F0B982 /* CreateRequest.swift */,
				917829692BA6EEF000F0B982 /* NetworkManagerProtocol.swift */,
			);
			path = NetworkManager;
			sourceTree = "<group>";
		};
		9178295B2BA6EA4900F0B982 /* ViewModel */ = {
			isa = PBXGroup;
			children = (
				9178295C2BA6EA5B00F0B982 /* LaunchesViewModel.swift */,
				910965062BA9B26C0066C1D0 /* WebViewModel.swift */,
			);
			path = ViewModel;
			sourceTree = "<group>";
		};
		9178296E2BA7008E00F0B982 /* Extension */ = {
			isa = PBXGroup;
			children = (
				910A37F72BA86E8B00B46D2C /* String.swift */,
			);
			path = Extension;
			sourceTree = "<group>";
		};
		91EBEC152BAB2B72006DCC52 /* ListItemView */ = {
			isa = PBXGroup;
			children = (
				91EBEC162BAB2B87006DCC52 /* ListItemView.swift */,
			);
			path = ListItemView;
			sourceTree = "<group>";
		};
		91EBEC182BAB2BAC006DCC52 /* Controllers */ = {
			isa = PBXGroup;
			children = (
				917829542BA61FB400F0B982 /* FlightListController.swift */,
				917829562BA6201B00F0B982 /* FlightDetailsController.swift */,
			);
			path = Controllers;
			sourceTree = "<group>";
		};
		91EBEC192BAB3F30006DCC52 /* VideoPlayerView */ = {
			isa = PBXGroup;
			children = (
				910965082BA9C74D0066C1D0 /* VideoPlayerView.swift */,
			);
			path = VideoPlayerView;
			sourceTree = "<group>";
		};
		91EBEC1A2BAB3F3B006DCC52 /* CircleProgressView */ = {
			isa = PBXGroup;
			children = (
				9109650B2BA9C7F00066C1D0 /* CircleProgressView.swift */,
			);
			path = CircleProgressView;
			sourceTree = "<group>";
		};
		91EBEC1B2BAB3F46006DCC52 /* SafariView */ = {
			isa = PBXGroup;
			children = (
				9109650D2BAA37B90066C1D0 /* SafariView.swift */,
			);
			path = SafariView;
			sourceTree = "<group>";
		};
/* End PBXGroup section */

/* Begin PBXNativeTarget section */
		917829202BA57FE400F0B982 /* SpaceXEnqura */ = {
			isa = PBXNativeTarget;
			buildConfigurationList = 917829452BA57FE500F0B982 /* Build configuration list for PBXNativeTarget "SpaceXEnqura" */;
			buildPhases = (
				9178291D2BA57FE400F0B982 /* Sources */,
				9178291E2BA57FE400F0B982 /* Frameworks */,
				9178291F2BA57FE400F0B982 /* Resources */,
			);
			buildRules = (
			);
			dependencies = (
			);
			name = SpaceXEnqura;
			packageProductDependencies = (
				917829632BA6EC2000F0B982 /* Alamofire */,
				917829652BA6EC2000F0B982 /* AlamofireDynamic */,
				9178296C2BA7005200F0B982 /* Kingfisher */,
			);
			productName = SpaceXEnqura;
			productReference = 917829212BA57FE400F0B982 /* SpaceXEnqura.app */;
			productType = "com.apple.product-type.application";
		};
		917829302BA57FE500F0B982 /* SpaceXEnquraTests */ = {
			isa = PBXNativeTarget;
			buildConfigurationList = 917829482BA57FE500F0B982 /* Build configuration list for PBXNativeTarget "SpaceXEnquraTests" */;
			buildPhases = (
				9178292D2BA57FE500F0B982 /* Sources */,
				9178292E2BA57FE500F0B982 /* Frameworks */,
				9178292F2BA57FE500F0B982 /* Resources */,
			);
			buildRules = (
			);
			dependencies = (
				917829332BA57FE500F0B982 /* PBXTargetDependency */,
			);
			name = SpaceXEnquraTests;
			productName = SpaceXEnquraTests;
			productReference = 917829312BA57FE500F0B982 /* SpaceXEnquraTests.xctest */;
			productType = "com.apple.product-type.bundle.unit-test";
		};
		9178293A2BA57FE500F0B982 /* SpaceXEnquraUITests */ = {
			isa = PBXNativeTarget;
			buildConfigurationList = 9178294B2BA57FE500F0B982 /* Build configuration list for PBXNativeTarget "SpaceXEnquraUITests" */;
			buildPhases = (
				917829372BA57FE500F0B982 /* Sources */,
				917829382BA57FE500F0B982 /* Frameworks */,
				917829392BA57FE500F0B982 /* Resources */,
			);
			buildRules = (
			);
			dependencies = (
				9178293D2BA57FE500F0B982 /* PBXTargetDependency */,
			);
			name = SpaceXEnquraUITests;
			productName = SpaceXEnquraUITests;
			productReference = 9178293B2BA57FE500F0B982 /* SpaceXEnquraUITests.xctest */;
			productType = "com.apple.product-type.bundle.ui-testing";
		};
/* End PBXNativeTarget section */

/* Begin PBXProject section */
		917829192BA57FE400F0B982 /* Project object */ = {
			isa = PBXProject;
			attributes = {
				BuildIndependentTargetsInParallel = 1;
				LastSwiftUpdateCheck = 1520;
				LastUpgradeCheck = 1520;
				TargetAttributes = {
					917829202BA57FE400F0B982 = {
						CreatedOnToolsVersion = 15.2;
					};
					917829302BA57FE500F0B982 = {
						CreatedOnToolsVersion = 15.2;
						TestTargetID = 917829202BA57FE400F0B982;
					};
					9178293A2BA57FE500F0B982 = {
						CreatedOnToolsVersion = 15.2;
						TestTargetID = 917829202BA57FE400F0B982;
					};
				};
			};
			buildConfigurationList = 9178291C2BA57FE400F0B982 /* Build configuration list for PBXProject "SpaceXEnqura" */;
			compatibilityVersion = "Xcode 14.0";
			developmentRegion = en;
			hasScannedForEncodings = 0;
			knownRegions = (
				en,
				Base,
			);
			mainGroup = 917829182BA57FE400F0B982;
			packageReferences = (
				917829622BA6EC2000F0B982 /* XCRemoteSwiftPackageReference "Alamofire" */,
				9178296B2BA7005200F0B982 /* XCRemoteSwiftPackageReference "Kingfisher" */,
			);
			productRefGroup = 917829222BA57FE400F0B982 /* Products */;
			projectDirPath = "";
			projectRoot = "";
			targets = (
				917829202BA57FE400F0B982 /* SpaceXEnqura */,
				917829302BA57FE500F0B982 /* SpaceXEnquraTests */,
				9178293A2BA57FE500F0B982 /* SpaceXEnquraUITests */,
			);
		};
/* End PBXProject section */

/* Begin PBXResourcesBuildPhase section */
		9178291F2BA57FE400F0B982 /* Resources */ = {
			isa = PBXResourcesBuildPhase;
			buildActionMask = 2147483647;
			files = (
				9178292C2BA57FE500F0B982 /* Preview Assets.xcassets in Resources */,
				917829292BA57FE500F0B982 /* Assets.xcassets in Resources */,
			);
			runOnlyForDeploymentPostprocessing = 0;
		};
		9178292F2BA57FE500F0B982 /* Resources */ = {
			isa = PBXResourcesBuildPhase;
			buildActionMask = 2147483647;
			files = (
			);
			runOnlyForDeploymentPostprocessing = 0;
		};
		917829392BA57FE500F0B982 /* Resources */ = {
			isa = PBXResourcesBuildPhase;
			buildActionMask = 2147483647;
			files = (
			);
			runOnlyForDeploymentPostprocessing = 0;
		};
/* End PBXResourcesBuildPhase section */

/* Begin PBXSourcesBuildPhase section */
		9178291D2BA57FE400F0B982 /* Sources */ = {
			isa = PBXSourcesBuildPhase;
			buildActionMask = 2147483647;
			files = (
				91EBEC172BAB2B87006DCC52 /* ListItemView.swift in Sources */,
				917829612BA6EA8900F0B982 /* NetworkManager.swift in Sources */,
				910A37F82BA86E8B00B46D2C /* String.swift in Sources */,
				9109650E2BAA37B90066C1D0 /* SafariView.swift in Sources */,
				917829572BA6201C00F0B982 /* FlightDetailsController.swift in Sources */,
				9109650C2BA9C7F00066C1D0 /* CircleProgressView.swift in Sources */,
				917829682BA6EEA800F0B982 /* CreateRequest.swift in Sources */,
				917829252BA57FE400F0B982 /* SpaceXEnquraApp.swift in Sources */,
				9178295D2BA6EA5B00F0B982 /* LaunchesViewModel.swift in Sources */,
				910965072BA9B26C0066C1D0 /* WebViewModel.swift in Sources */,
				917829502BA5909A00F0B982 /* LaunchModel.swift in Sources */,
				9178296A2BA6EEF000F0B982 /* NetworkManagerProtocol.swift in Sources */,
				917829552BA61FB400F0B982 /* FlightListController.swift in Sources */,
				910965092BA9C74D0066C1D0 /* VideoPlayerView.swift in Sources */,
			);
			runOnlyForDeploymentPostprocessing = 0;
		};
		9178292D2BA57FE500F0B982 /* Sources */ = {
			isa = PBXSourcesBuildPhase;
			buildActionMask = 2147483647;
			files = (
				917829362BA57FE500F0B982 /* SpaceXEnquraTests.swift in Sources */,
			);
			runOnlyForDeploymentPostprocessing = 0;
		};
		917829372BA57FE500F0B982 /* Sources */ = {
			isa = PBXSourcesBuildPhase;
			buildActionMask = 2147483647;
			files = (
				917829422BA57FE500F0B982 /* SpaceXEnquraUITestsLaunchTests.swift in Sources */,
				917829402BA57FE500F0B982 /* SpaceXEnquraUITests.swift in Sources */,
			);
			runOnlyForDeploymentPostprocessing = 0;
		};
/* End PBXSourcesBuildPhase section */

/* Begin PBXTargetDependency section */
		917829332BA57FE500F0B982 /* PBXTargetDependency */ = {
			isa = PBXTargetDependency;
			target = 917829202BA57FE400F0B982 /* SpaceXEnqura */;
			targetProxy = 917829322BA57FE500F0B982 /* PBXContainerItemProxy */;
		};
		9178293D2BA57FE500F0B982 /* PBXTargetDependency */ = {
			isa = PBXTargetDependency;
			target = 917829202BA57FE400F0B982 /* SpaceXEnqura */;
			targetProxy = 9178293C2BA57FE500F0B982 /* PBXContainerItemProxy */;
		};
/* End PBXTargetDependency section */

/* Begin XCBuildConfiguration section */
		917829432BA57FE500F0B982 /* Debug */ = {
			isa = XCBuildConfiguration;
			buildSettings = {
				ALWAYS_SEARCH_USER_PATHS = NO;
				ASSETCATALOG_COMPILER_GENERATE_SWIFT_ASSET_SYMBOL_EXTENSIONS = YES;
				CLANG_ANALYZER_NONNULL = YES;
				CLANG_ANALYZER_NUMBER_OBJECT_CONVERSION = YES_AGGRESSIVE;
				CLANG_CXX_LANGUAGE_STANDARD = "gnu++20";
				CLANG_ENABLE_MODULES = YES;
				CLANG_ENABLE_OBJC_ARC = YES;
				CLANG_ENABLE_OBJC_WEAK = YES;
				CLANG_WARN_BLOCK_CAPTURE_AUTORELEASING = YES;
				CLANG_WARN_BOOL_CONVERSION = YES;
				CLANG_WARN_COMMA = YES;
				CLANG_WARN_CONSTANT_CONVERSION = YES;
				CLANG_WARN_DEPRECATED_OBJC_IMPLEMENTATIONS = YES;
				CLANG_WARN_DIRECT_OBJC_ISA_USAGE = YES_ERROR;
				CLANG_WARN_DOCUMENTATION_COMMENTS = YES;
				CLANG_WARN_EMPTY_BODY = YES;
				CLANG_WARN_ENUM_CONVERSION = YES;
				CLANG_WARN_INFINITE_RECURSION = YES;
				CLANG_WARN_INT_CONVERSION = YES;
				CLANG_WARN_NON_LITERAL_NULL_CONVERSION = YES;
				CLANG_WARN_OBJC_IMPLICIT_RETAIN_SELF = YES;
				CLANG_WARN_OBJC_LITERAL_CONVERSION = YES;
				CLANG_WARN_OBJC_ROOT_CLASS = YES_ERROR;
				CLANG_WARN_QUOTED_INCLUDE_IN_FRAMEWORK_HEADER = YES;
				CLANG_WARN_RANGE_LOOP_ANALYSIS = YES;
				CLANG_WARN_STRICT_PROTOTYPES = YES;
				CLANG_WARN_SUSPICIOUS_MOVE = YES;
				CLANG_WARN_UNGUARDED_AVAILABILITY = YES_AGGRESSIVE;
				CLANG_WARN_UNREACHABLE_CODE = YES;
				CLANG_WARN__DUPLICATE_METHOD_MATCH = YES;
				COPY_PHASE_STRIP = NO;
				DEBUG_INFORMATION_FORMAT = dwarf;
				ENABLE_STRICT_OBJC_MSGSEND = YES;
				ENABLE_TESTABILITY = YES;
				ENABLE_USER_SCRIPT_SANDBOXING = YES;
				GCC_C_LANGUAGE_STANDARD = gnu17;
				GCC_DYNAMIC_NO_PIC = NO;
				GCC_NO_COMMON_BLOCKS = YES;
				GCC_OPTIMIZATION_LEVEL = 0;
				GCC_PREPROCESSOR_DEFINITIONS = (
					"DEBUG=1",
					"$(inherited)",
				);
				GCC_WARN_64_TO_32_BIT_CONVERSION = YES;
				GCC_WARN_ABOUT_RETURN_TYPE = YES_ERROR;
				GCC_WARN_UNDECLARED_SELECTOR = YES;
				GCC_WARN_UNINITIALIZED_AUTOS = YES_AGGRESSIVE;
				GCC_WARN_UNUSED_FUNCTION = YES;
				GCC_WARN_UNUSED_VARIABLE = YES;
				IPHONEOS_DEPLOYMENT_TARGET = 17.2;
				LOCALIZATION_PREFERS_STRING_CATALOGS = YES;
				MTL_ENABLE_DEBUG_INFO = INCLUDE_SOURCE;
				MTL_FAST_MATH = YES;
				ONLY_ACTIVE_ARCH = YES;
				SDKROOT = iphoneos;
				SWIFT_ACTIVE_COMPILATION_CONDITIONS = "DEBUG $(inherited)";
				SWIFT_OPTIMIZATION_LEVEL = "-Onone";
			};
			name = Debug;
		};
		917829442BA57FE500F0B982 /* Release */ = {
			isa = XCBuildConfiguration;
			buildSettings = {
				ALWAYS_SEARCH_USER_PATHS = NO;
				ASSETCATALOG_COMPILER_GENERATE_SWIFT_ASSET_SYMBOL_EXTENSIONS = YES;
				CLANG_ANALYZER_NONNULL = YES;
				CLANG_ANALYZER_NUMBER_OBJECT_CONVERSION = YES_AGGRESSIVE;
				CLANG_CXX_LANGUAGE_STANDARD = "gnu++20";
				CLANG_ENABLE_MODULES = YES;
				CLANG_ENABLE_OBJC_ARC = YES;
				CLANG_ENABLE_OBJC_WEAK = YES;
				CLANG_WARN_BLOCK_CAPTURE_AUTORELEASING = YES;
				CLANG_WARN_BOOL_CONVERSION = YES;
				CLANG_WARN_COMMA = YES;
				CLANG_WARN_CONSTANT_CONVERSION = YES;
				CLANG_WARN_DEPRECATED_OBJC_IMPLEMENTATIONS = YES;
				CLANG_WARN_DIRECT_OBJC_ISA_USAGE = YES_ERROR;
				CLANG_WARN_DOCUMENTATION_COMMENTS = YES;
				CLANG_WARN_EMPTY_BODY = YES;
				CLANG_WARN_ENUM_CONVERSION = YES;
				CLANG_WARN_INFINITE_RECURSION = YES;
				CLANG_WARN_INT_CONVERSION = YES;
				CLANG_WARN_NON_LITERAL_NULL_CONVERSION = YES;
				CLANG_WARN_OBJC_IMPLICIT_RETAIN_SELF = YES;
				CLANG_WARN_OBJC_LITERAL_CONVERSION = YES;
				CLANG_WARN_OBJC_ROOT_CLASS = YES_ERROR;
				CLANG_WARN_QUOTED_INCLUDE_IN_FRAMEWORK_HEADER = YES;
				CLANG_WARN_RANGE_LOOP_ANALYSIS = YES;
				CLANG_WARN_STRICT_PROTOTYPES = YES;
				CLANG_WARN_SUSPICIOUS_MOVE = YES;
				CLANG_WARN_UNGUARDED_AVAILABILITY = YES_AGGRESSIVE;
				CLANG_WARN_UNREACHABLE_CODE = YES;
				CLANG_WARN__DUPLICATE_METHOD_MATCH = YES;
				COPY_PHASE_STRIP = NO;
				DEBUG_INFORMATION_FORMAT = "dwarf-with-dsym";
				ENABLE_NS_ASSERTIONS = NO;
				ENABLE_STRICT_OBJC_MSGSEND = YES;
				ENABLE_USER_SCRIPT_SANDBOXING = YES;
				GCC_C_LANGUAGE_STANDARD = gnu17;
				GCC_NO_COMMON_BLOCKS = YES;
				GCC_WARN_64_TO_32_BIT_CONVERSION = YES;
				GCC_WARN_ABOUT_RETURN_TYPE = YES_ERROR;
				GCC_WARN_UNDECLARED_SELECTOR = YES;
				GCC_WARN_UNINITIALIZED_AUTOS = YES_AGGRESSIVE;
				GCC_WARN_UNUSED_FUNCTION = YES;
				GCC_WARN_UNUSED_VARIABLE = YES;
				IPHONEOS_DEPLOYMENT_TARGET = 17.2;
				LOCALIZATION_PREFERS_STRING_CATALOGS = YES;
				MTL_ENABLE_DEBUG_INFO = NO;
				MTL_FAST_MATH = YES;
				SDKROOT = iphoneos;
				SWIFT_COMPILATION_MODE = wholemodule;
				VALIDATE_PRODUCT = YES;
			};
			name = Release;
		};
		917829462BA57FE500F0B982 /* Debug */ = {
			isa = XCBuildConfiguration;
			buildSettings = {
				ASSETCATALOG_COMPILER_APPICON_NAME = AppIcon;
				ASSETCATALOG_COMPILER_GLOBAL_ACCENT_COLOR_NAME = AccentColor;
				CODE_SIGN_STYLE = Automatic;
				CURRENT_PROJECT_VERSION = 1;
				DEVELOPMENT_ASSET_PATHS = "\"SpaceXEnqura/Preview Content\"";
				DEVELOPMENT_TEAM = 3YPP74CF66;
				ENABLE_PREVIEWS = YES;
				FRAMEWORK_SEARCH_PATHS = "$(inherited)";
				GENERATE_INFOPLIST_FILE = YES;
				INFOPLIST_KEY_UIApplicationSceneManifest_Generation = YES;
				INFOPLIST_KEY_UIApplicationSupportsIndirectInputEvents = YES;
				INFOPLIST_KEY_UILaunchScreen_Generation = YES;
				INFOPLIST_KEY_UISupportedInterfaceOrientations_iPad = "UIInterfaceOrientationPortrait UIInterfaceOrientationPortraitUpsideDown UIInterfaceOrientationLandscapeLeft UIInterfaceOrientationLandscapeRight";
				INFOPLIST_KEY_UISupportedInterfaceOrientations_iPhone = "UIInterfaceOrientationPortrait UIInterfaceOrientationLandscapeLeft UIInterfaceOrientationLandscapeRight";
				IPHONEOS_DEPLOYMENT_TARGET = 15.0;
				LD_RUNPATH_SEARCH_PATHS = (
					"$(inherited)",
					"@executable_path/Frameworks",
				);
				MARKETING_VERSION = 1.0;
				PRODUCT_BUNDLE_IDENTIFIER = com.BedriDogan.SpaceXEnqura;
				PRODUCT_NAME = "$(TARGET_NAME)";
				SUPPORTED_PLATFORMS = "iphoneos iphonesimulator";
				SUPPORTS_MACCATALYST = NO;
				SUPPORTS_MAC_DESIGNED_FOR_IPHONE_IPAD = NO;
				SUPPORTS_XR_DESIGNED_FOR_IPHONE_IPAD = NO;
				SWIFT_EMIT_LOC_STRINGS = YES;
				SWIFT_VERSION = 5.0;
				TARGETED_DEVICE_FAMILY = 1;
			};
			name = Debug;
		};
		917829472BA57FE500F0B982 /* Release */ = {
			isa = XCBuildConfiguration;
			buildSettings = {
				ASSETCATALOG_COMPILER_APPICON_NAME = AppIcon;
				ASSETCATALOG_COMPILER_GLOBAL_ACCENT_COLOR_NAME = AccentColor;
				CODE_SIGN_STYLE = Automatic;
				CURRENT_PROJECT_VERSION = 1;
				DEVELOPMENT_ASSET_PATHS = "\"SpaceXEnqura/Preview Content\"";
				DEVELOPMENT_TEAM = 3YPP74CF66;
				ENABLE_PREVIEWS = YES;
				FRAMEWORK_SEARCH_PATHS = "";
				GENERATE_INFOPLIST_FILE = YES;
				INFOPLIST_KEY_UIApplicationSceneManifest_Generation = YES;
				INFOPLIST_KEY_UIApplicationSupportsIndirectInputEvents = YES;
				INFOPLIST_KEY_UILaunchScreen_Generation = YES;
				INFOPLIST_KEY_UISupportedInterfaceOrientations_iPad = "UIInterfaceOrientationPortrait UIInterfaceOrientationPortraitUpsideDown UIInterfaceOrientationLandscapeLeft UIInterfaceOrientationLandscapeRight";
				INFOPLIST_KEY_UISupportedInterfaceOrientations_iPhone = "UIInterfaceOrientationPortrait UIInterfaceOrientationLandscapeLeft UIInterfaceOrientationLandscapeRight";
				IPHONEOS_DEPLOYMENT_TARGET = 15.0;
				LD_RUNPATH_SEARCH_PATHS = (
					"$(inherited)",
					"@executable_path/Frameworks",
				);
				MARKETING_VERSION = 1.0;
				PRODUCT_BUNDLE_IDENTIFIER = com.BedriDogan.SpaceXEnqura;
				PRODUCT_NAME = "$(TARGET_NAME)";
				SUPPORTED_PLATFORMS = "iphoneos iphonesimulator";
				SUPPORTS_MACCATALYST = NO;
				SUPPORTS_MAC_DESIGNED_FOR_IPHONE_IPAD = NO;
				SUPPORTS_XR_DESIGNED_FOR_IPHONE_IPAD = NO;
				SWIFT_EMIT_LOC_STRINGS = YES;
				SWIFT_VERSION = 5.0;
				TARGETED_DEVICE_FAMILY = 1;
			};
			name = Release;
		};
		917829492BA57FE500F0B982 /* Debug */ = {
			isa = XCBuildConfiguration;
			buildSettings = {
				ALWAYS_EMBED_SWIFT_STANDARD_LIBRARIES = YES;
				BUNDLE_LOADER = "$(TEST_HOST)";
				CODE_SIGN_STYLE = Automatic;
				CURRENT_PROJECT_VERSION = 1;
				DEVELOPMENT_TEAM = 3YPP74CF66;
				GENERATE_INFOPLIST_FILE = YES;
				IPHONEOS_DEPLOYMENT_TARGET = 17.2;
				MARKETING_VERSION = 1.0;
				PRODUCT_BUNDLE_IDENTIFIER = com.BedriDogan.SpaceXEnquraTests;
				PRODUCT_NAME = "$(TARGET_NAME)";
				SWIFT_EMIT_LOC_STRINGS = NO;
				SWIFT_VERSION = 5.0;
				TARGETED_DEVICE_FAMILY = "1,2";
				TEST_HOST = "$(BUILT_PRODUCTS_DIR)/SpaceXEnqura.app/$(BUNDLE_EXECUTABLE_FOLDER_PATH)/SpaceXEnqura";
			};
			name = Debug;
		};
		9178294A2BA57FE500F0B982 /* Release */ = {
			isa = XCBuildConfiguration;
			buildSettings = {
				ALWAYS_EMBED_SWIFT_STANDARD_LIBRARIES = YES;
				BUNDLE_LOADER = "$(TEST_HOST)";
				CODE_SIGN_STYLE = Automatic;
				CURRENT_PROJECT_VERSION = 1;
				DEVELOPMENT_TEAM = 3YPP74CF66;
				GENERATE_INFOPLIST_FILE = YES;
				IPHONEOS_DEPLOYMENT_TARGET = 17.2;
				MARKETING_VERSION = 1.0;
				PRODUCT_BUNDLE_IDENTIFIER = com.BedriDogan.SpaceXEnquraTests;
				PRODUCT_NAME = "$(TARGET_NAME)";
				SWIFT_EMIT_LOC_STRINGS = NO;
				SWIFT_VERSION = 5.0;
				TARGETED_DEVICE_FAMILY = "1,2";
				TEST_HOST = "$(BUILT_PRODUCTS_DIR)/SpaceXEnqura.app/$(BUNDLE_EXECUTABLE_FOLDER_PATH)/SpaceXEnqura";
			};
			name = Release;
		};
		9178294C2BA57FE500F0B982 /* Debug */ = {
			isa = XCBuildConfiguration;
			buildSettings = {
				ALWAYS_EMBED_SWIFT_STANDARD_LIBRARIES = YES;
				CODE_SIGN_STYLE = Automatic;
				CURRENT_PROJECT_VERSION = 1;
				DEVELOPMENT_TEAM = 3YPP74CF66;
				GENERATE_INFOPLIST_FILE = YES;
				MARKETING_VERSION = 1.0;
				PRODUCT_BUNDLE_IDENTIFIER = com.BedriDogan.SpaceXEnquraUITests;
				PRODUCT_NAME = "$(TARGET_NAME)";
				SWIFT_EMIT_LOC_STRINGS = NO;
				SWIFT_VERSION = 5.0;
				TARGETED_DEVICE_FAMILY = "1,2";
				TEST_TARGET_NAME = SpaceXEnqura;
			};
			name = Debug;
		};
		9178294D2BA57FE500F0B982 /* Release */ = {
			isa = XCBuildConfiguration;
			buildSettings = {
				ALWAYS_EMBED_SWIFT_STANDARD_LIBRARIES = YES;
				CODE_SIGN_STYLE = Automatic;
				CURRENT_PROJECT_VERSION = 1;
				DEVELOPMENT_TEAM = 3YPP74CF66;
				GENERATE_INFOPLIST_FILE = YES;
				MARKETING_VERSION = 1.0;
				PRODUCT_BUNDLE_IDENTIFIER = com.BedriDogan.SpaceXEnquraUITests;
				PRODUCT_NAME = "$(TARGET_NAME)";
				SWIFT_EMIT_LOC_STRINGS = NO;
				SWIFT_VERSION = 5.0;
				TARGETED_DEVICE_FAMILY = "1,2";
				TEST_TARGET_NAME = SpaceXEnqura;
			};
			name = Release;
		};
/* End XCBuildConfiguration section */

/* Begin XCConfigurationList section */
		9178291C2BA57FE400F0B982 /* Build configuration list for PBXProject "SpaceXEnqura" */ = {
			isa = XCConfigurationList;
			buildConfigurations = (
				917829432BA57FE500F0B982 /* Debug */,
				917829442BA57FE500F0B982 /* Release */,
			);
			defaultConfigurationIsVisible = 0;
			defaultConfigurationName = Release;
		};
		917829452BA57FE500F0B982 /* Build configuration list for PBXNativeTarget "SpaceXEnqura" */ = {
			isa = XCConfigurationList;
			buildConfigurations = (
				917829462BA57FE500F0B982 /* Debug */,
				917829472BA57FE500F0B982 /* Release */,
			);
			defaultConfigurationIsVisible = 0;
			defaultConfigurationName = Release;
		};
		917829482BA57FE500F0B982 /* Build configuration list for PBXNativeTarget "SpaceXEnquraTests" */ = {
			isa = XCConfigurationList;
			buildConfigurations = (
				917829492BA57FE500F0B982 /* Debug */,
				9178294A2BA57FE500F0B982 /* Release */,
			);
			defaultConfigurationIsVisible = 0;
			defaultConfigurationName = Release;
		};
		9178294B2BA57FE500F0B982 /* Build configuration list for PBXNativeTarget "SpaceXEnquraUITests" */ = {
			isa = XCConfigurationList;
			buildConfigurations = (
				9178294C2BA57FE500F0B982 /* Debug */,
				9178294D2BA57FE500F0B982 /* Release */,
			);
			defaultConfigurationIsVisible = 0;
			defaultConfigurationName = Release;
		};
/* End XCConfigurationList section */

/* Begin XCRemoteSwiftPackageReference section */
		917829622BA6EC2000F0B982 /* XCRemoteSwiftPackageReference "Alamofire" */ = {
			isa = XCRemoteSwiftPackageReference;
			repositoryURL = "https://github.com/Alamofire/Alamofire.git";
			requirement = {
				kind = upToNextMinorVersion;
				minimumVersion = 5.9.0;
			};
		};
		9178296B2BA7005200F0B982 /* XCRemoteSwiftPackageReference "Kingfisher" */ = {
			isa = XCRemoteSwiftPackageReference;
			repositoryURL = "https://github.com/onevcat/Kingfisher.git";
			requirement = {
				kind = upToNextMajorVersion;
				minimumVersion = 7.11.0;
			};
		};
/* End XCRemoteSwiftPackageReference section */

/* Begin XCSwiftPackageProductDependency section */
		917829632BA6EC2000F0B982 /* Alamofire */ = {
			isa = XCSwiftPackageProductDependency;
			package = 917829622BA6EC2000F0B982 /* XCRemoteSwiftPackageReference "Alamofire" */;
			productName = Alamofire;
		};
		917829652BA6EC2000F0B982 /* AlamofireDynamic */ = {
			isa = XCSwiftPackageProductDependency;
			package = 917829622BA6EC2000F0B982 /* XCRemoteSwiftPackageReference "Alamofire" */;
			productName = AlamofireDynamic;
		};
		9178296C2BA7005200F0B982 /* Kingfisher */ = {
			isa = XCSwiftPackageProductDependency;
			package = 9178296B2BA7005200F0B982 /* XCRemoteSwiftPackageReference "Kingfisher" */;
			productName = Kingfisher;
		};
/* End XCSwiftPackageProductDependency section */
	};
	rootObject = 917829192BA57FE400F0B982 /* Project object */;
}
